// !$*UTF8*$!
{
	archiveVersion = 1;
	classes = {
	};
	objectVersion = 46;
	objects = {

/* Begin PBXBuildFile section */
		4100CC452694310F00FE0242 /* libresolv.tbd in Frameworks */ = {isa = PBXBuildFile; fileRef = 4100CC442694310F00FE0242 /* libresolv.tbd */; };
		4100CC472694311B00FE0242 /* SystemConfiguration.framework in Frameworks */ = {isa = PBXBuildFile; fileRef = 4100CC462694311B00FE0242 /* SystemConfiguration.framework */; };
		4100CC492694312600FE0242 /* CoreTelephony.framework in Frameworks */ = {isa = PBXBuildFile; fileRef = 4100CC482694312600FE0242 /* CoreTelephony.framework */; };
		4100CC582694323F00FE0242 /* RNAliyunOSS+UPLOAD.m in Sources */ = {isa = PBXBuildFile; fileRef = 4100CC4D2694323E00FE0242 /* RNAliyunOSS+UPLOAD.m */; };
		4100CC592694323F00FE0242 /* RNAliyunOSS+LOG.m in Sources */ = {isa = PBXBuildFile; fileRef = 4100CC4F2694323E00FE0242 /* RNAliyunOSS+LOG.m */; };
		4100CC5A2694323F00FE0242 /* RNAliyunOSS+AUTH.m in Sources */ = {isa = PBXBuildFile; fileRef = 4100CC512694323E00FE0242 /* RNAliyunOSS+AUTH.m */; };
		4100CC5B2694323F00FE0242 /* RNAliyunOSS+OBJECT.m in Sources */ = {isa = PBXBuildFile; fileRef = 4100CC522694323E00FE0242 /* RNAliyunOSS+OBJECT.m */; };
		4100CC5C2694323F00FE0242 /* RNAliyunOSS+DOWNLOAD.m in Sources */ = {isa = PBXBuildFile; fileRef = 4100CC532694323E00FE0242 /* RNAliyunOSS+DOWNLOAD.m */; };
		4100CC5D2694323F00FE0242 /* RNAliyunOSS+MULTIPARTUPLOAD.m in Sources */ = {isa = PBXBuildFile; fileRef = 4100CC542694323F00FE0242 /* RNAliyunOSS+MULTIPARTUPLOAD.m */; };
		4100CC5E2694323F00FE0242 /* RNAliyunOSS+BUCKET.m in Sources */ = {isa = PBXBuildFile; fileRef = 4100CC572694323F00FE0242 /* RNAliyunOSS+BUCKET.m */; };
		4100CC602694352F00FE0242 /* AliyunOSSiOS.framework in Frameworks */ = {isa = PBXBuildFile; fileRef = 4100CC5F2694352F00FE0242 /* AliyunOSSiOS.framework */; };
		BD91C8D2D7B9C5C32D6E2CF8 /* libPods-Alioss.a in Frameworks */ = {isa = PBXBuildFile; fileRef = 81305CBD86D601F7CDB094E7 /* libPods-Alioss.a */; };
/* End PBXBuildFile section */

/* Begin PBXCopyFilesBuildPhase section */
		58B511D91A9E6C8500147676 /* CopyFiles */ = {
			isa = PBXCopyFilesBuildPhase;
			buildActionMask = 2147483647;
			dstPath = "include/$(PRODUCT_NAME)";
			dstSubfolderSpec = 16;
			files = (
			);
			runOnlyForDeploymentPostprocessing = 0;
		};
/* End PBXCopyFilesBuildPhase section */

/* Begin PBXFileReference section */
		134814201AA4EA6300B7C361 /* libAlioss.a */ = {isa = PBXFileReference; explicitFileType = archive.ar; includeInIndex = 0; path = libAlioss.a; sourceTree = BUILT_PRODUCTS_DIR; };
		4100CC442694310F00FE0242 /* libresolv.tbd */ = {isa = PBXFileReference; lastKnownFileType = "sourcecode.text-based-dylib-definition"; name = libresolv.tbd; path = Platforms/MacOSX.platform/Developer/SDKs/MacOSX11.3.sdk/usr/lib/libresolv.tbd; sourceTree = DEVELOPER_DIR; };
		4100CC462694311B00FE0242 /* SystemConfiguration.framework */ = {isa = PBXFileReference; lastKnownFileType = wrapper.framework; name = SystemConfiguration.framework; path = Platforms/MacOSX.platform/Developer/SDKs/MacOSX11.3.sdk/System/Library/Frameworks/SystemConfiguration.framework; sourceTree = DEVELOPER_DIR; };
		4100CC482694312600FE0242 /* CoreTelephony.framework */ = {isa = PBXFileReference; lastKnownFileType = wrapper.framework; name = CoreTelephony.framework; path = Platforms/MacOSX.platform/Developer/SDKs/MacOSX11.3.sdk/System/Library/Frameworks/CoreTelephony.framework; sourceTree = DEVELOPER_DIR; };
		4100CC4A2694323E00FE0242 /* RNAliyunOSS+AUTH.h */ = {isa = PBXFileReference; fileEncoding = 4; lastKnownFileType = sourcecode.c.h; path = "RNAliyunOSS+AUTH.h"; sourceTree = "<group>"; };
		4100CC4B2694323E00FE0242 /* RNAliyunOSS+DOWNLOAD.h */ = {isa = PBXFileReference; fileEncoding = 4; lastKnownFileType = sourcecode.c.h; path = "RNAliyunOSS+DOWNLOAD.h"; sourceTree = "<group>"; };
		4100CC4C2694323E00FE0242 /* RNAliyunOSS+UPLOAD.h */ = {isa = PBXFileReference; fileEncoding = 4; lastKnownFileType = sourcecode.c.h; path = "RNAliyunOSS+UPLOAD.h"; sourceTree = "<group>"; };
		4100CC4D2694323E00FE0242 /* RNAliyunOSS+UPLOAD.m */ = {isa = PBXFileReference; fileEncoding = 4; lastKnownFileType = sourcecode.c.objc; path = "RNAliyunOSS+UPLOAD.m"; sourceTree = "<group>"; };
		4100CC4E2694323E00FE0242 /* RNAliyunOSS+OBJECT.h */ = {isa = PBXFileReference; fileEncoding = 4; lastKnownFileType = sourcecode.c.h; path = "RNAliyunOSS+OBJECT.h"; sourceTree = "<group>"; };
		4100CC4F2694323E00FE0242 /* RNAliyunOSS+LOG.m */ = {isa = PBXFileReference; fileEncoding = 4; lastKnownFileType = sourcecode.c.objc; path = "RNAliyunOSS+LOG.m"; sourceTree = "<group>"; };
		4100CC502694323E00FE0242 /* RNAliyunOSS+MULTIPARTUPLOAD.h */ = {isa = PBXFileReference; fileEncoding = 4; lastKnownFileType = sourcecode.c.h; path = "RNAliyunOSS+MULTIPARTUPLOAD.h"; sourceTree = "<group>"; };
		4100CC512694323E00FE0242 /* RNAliyunOSS+AUTH.m */ = {isa = PBXFileReference; fileEncoding = 4; lastKnownFileType = sourcecode.c.objc; path = "RNAliyunOSS+AUTH.m"; sourceTree = "<group>"; };
		4100CC522694323E00FE0242 /* RNAliyunOSS+OBJECT.m */ = {isa = PBXFileReference; fileEncoding = 4; lastKnownFileType = sourcecode.c.objc; path = "RNAliyunOSS+OBJECT.m"; sourceTree = "<group>"; };
		4100CC532694323E00FE0242 /* RNAliyunOSS+DOWNLOAD.m */ = {isa = PBXFileReference; fileEncoding = 4; lastKnownFileType = sourcecode.c.objc; path = "RNAliyunOSS+DOWNLOAD.m"; sourceTree = "<group>"; };
		4100CC542694323F00FE0242 /* RNAliyunOSS+MULTIPARTUPLOAD.m */ = {isa = PBXFileReference; fileEncoding = 4; lastKnownFileType = sourcecode.c.objc; path = "RNAliyunOSS+MULTIPARTUPLOAD.m"; sourceTree = "<group>"; };
		4100CC552694323F00FE0242 /* RNAliyunOSS+BUCKET.h */ = {isa = PBXFileReference; fileEncoding = 4; lastKnownFileType = sourcecode.c.h; path = "RNAliyunOSS+BUCKET.h"; sourceTree = "<group>"; };
		4100CC562694323F00FE0242 /* RNAliyunOSS+LOG.h */ = {isa = PBXFileReference; fileEncoding = 4; lastKnownFileType = sourcecode.c.h; path = "RNAliyunOSS+LOG.h"; sourceTree = "<group>"; };
		4100CC572694323F00FE0242 /* RNAliyunOSS+BUCKET.m */ = {isa = PBXFileReference; fileEncoding = 4; lastKnownFileType = sourcecode.c.objc; path = "RNAliyunOSS+BUCKET.m"; sourceTree = "<group>"; };
		4100CC5F2694352F00FE0242 /* AliyunOSSiOS.framework */ = {isa = PBXFileReference; lastKnownFileType = wrapper.framework; path = AliyunOSSiOS.framework; sourceTree = "<group>"; };
		81305CBD86D601F7CDB094E7 /* libPods-Alioss.a */ = {isa = PBXFileReference; explicitFileType = archive.ar; includeInIndex = 0; path = "libPods-Alioss.a"; sourceTree = BUILT_PRODUCTS_DIR; };
		ADB03DD6FA60CE0B85044C1C /* Pods-Alioss.release.xcconfig */ = {isa = PBXFileReference; includeInIndex = 1; lastKnownFileType = text.xcconfig; name = "Pods-Alioss.release.xcconfig"; path = "Target Support Files/Pods-Alioss/Pods-Alioss.release.xcconfig"; sourceTree = "<group>"; };
		B3E7B5881CC2AC0600A0062D /* Alioss.h */ = {isa = PBXFileReference; fileEncoding = 4; lastKnownFileType = sourcecode.c.h; path = Alioss.h; sourceTree = "<group>"; };
		B3E7B5891CC2AC0600A0062D /* Alioss.m */ = {isa = PBXFileReference; fileEncoding = 4; lastKnownFileType = sourcecode.c.objc; path = Alioss.m; sourceTree = "<group>"; };
		CBAF876F80BB97DC249F2DB3 /* Pods-Alioss.debug.xcconfig */ = {isa = PBXFileReference; includeInIndex = 1; lastKnownFileType = text.xcconfig; name = "Pods-Alioss.debug.xcconfig"; path = "Target Support Files/Pods-Alioss/Pods-Alioss.debug.xcconfig"; sourceTree = "<group>"; };
/* End PBXFileReference section */

/* Begin PBXFrameworksBuildPhase section */
		58B511D81A9E6C8500147676 /* Frameworks */ = {
			isa = PBXFrameworksBuildPhase;
			buildActionMask = 2147483647;
			files = (
				4100CC602694352F00FE0242 /* AliyunOSSiOS.framework in Frameworks */,
				4100CC492694312600FE0242 /* CoreTelephony.framework in Frameworks */,
				4100CC472694311B00FE0242 /* SystemConfiguration.framework in Frameworks */,
				4100CC452694310F00FE0242 /* libresolv.tbd in Frameworks */,
				BD91C8D2D7B9C5C32D6E2CF8 /* libPods-Alioss.a in Frameworks */,
			);
			runOnlyForDeploymentPostprocessing = 0;
		};
/* End PBXFrameworksBuildPhase section */

/* Begin PBXGroup section */
		134814211AA4EA7D00B7C361 /* Products */ = {
			isa = PBXGroup;
			children = (
				134814201AA4EA6300B7C361 /* libAlioss.a */,
			);
			name = Products;
			sourceTree = "<group>";
		};
		4100CC432694310F00FE0242 /* Frameworks */ = {
			isa = PBXGroup;
			children = (
				4100CC482694312600FE0242 /* CoreTelephony.framework */,
				4100CC462694311B00FE0242 /* SystemConfiguration.framework */,
				4100CC442694310F00FE0242 /* libresolv.tbd */,
				81305CBD86D601F7CDB094E7 /* libPods-Alioss.a */,
			);
			name = Frameworks;
			sourceTree = "<group>";
		};
		58B511D21A9E6C8500147676 = {
			isa = PBXGroup;
			children = (
				4100CC5F2694352F00FE0242 /* AliyunOSSiOS.framework */,
				4100CC4A2694323E00FE0242 /* RNAliyunOSS+AUTH.h */,
				4100CC512694323E00FE0242 /* RNAliyunOSS+AUTH.m */,
				4100CC552694323F00FE0242 /* RNAliyunOSS+BUCKET.h */,
				4100CC572694323F00FE0242 /* RNAliyunOSS+BUCKET.m */,
				4100CC4B2694323E00FE0242 /* RNAliyunOSS+DOWNLOAD.h */,
				4100CC532694323E00FE0242 /* RNAliyunOSS+DOWNLOAD.m */,
				4100CC562694323F00FE0242 /* RNAliyunOSS+LOG.h */,
				4100CC4F2694323E00FE0242 /* RNAliyunOSS+LOG.m */,
				4100CC502694323E00FE0242 /* RNAliyunOSS+MULTIPARTUPLOAD.h */,
				4100CC542694323F00FE0242 /* RNAliyunOSS+MULTIPARTUPLOAD.m */,
				4100CC4E2694323E00FE0242 /* RNAliyunOSS+OBJECT.h */,
				4100CC522694323E00FE0242 /* RNAliyunOSS+OBJECT.m */,
				4100CC4C2694323E00FE0242 /* RNAliyunOSS+UPLOAD.h */,
				4100CC4D2694323E00FE0242 /* RNAliyunOSS+UPLOAD.m */,
				B3E7B5881CC2AC0600A0062D /* Alioss.h */,
				B3E7B5891CC2AC0600A0062D /* Alioss.m */,
				134814211AA4EA7D00B7C361 /* Products */,
				4100CC432694310F00FE0242 /* Frameworks */,
				D5E07AE916E6358301725077 /* Pods */,
			);
			sourceTree = "<group>";
		};
		D5E07AE916E6358301725077 /* Pods */ = {
			isa = PBXGroup;
			children = (
				CBAF876F80BB97DC249F2DB3 /* Pods-Alioss.debug.xcconfig */,
				ADB03DD6FA60CE0B85044C1C /* Pods-Alioss.release.xcconfig */,
			);
			name = Pods;
			path = Pods;
			sourceTree = "<group>";
		};
/* End PBXGroup section */

/* Begin PBXNativeTarget section */
		58B511DA1A9E6C8500147676 /* Alioss */ = {
			isa = PBXNativeTarget;
			buildConfigurationList = 58B511EF1A9E6C8500147676 /* Build configuration list for PBXNativeTarget "Alioss" */;
			buildPhases = (
				E6D118C123FE55BD3EFA5B80 /* [CP] Check Pods Manifest.lock */,
				58B511D71A9E6C8500147676 /* Sources */,
				58B511D81A9E6C8500147676 /* Frameworks */,
				58B511D91A9E6C8500147676 /* CopyFiles */,
			);
			buildRules = (
			);
			dependencies = (
			);
			name = Alioss;
			productName = RCTDataManager;
			productReference = 134814201AA4EA6300B7C361 /* libAlioss.a */;
			productType = "com.apple.product-type.library.static";
		};
/* End PBXNativeTarget section */

/* Begin PBXProject section */
		58B511D31A9E6C8500147676 /* Project object */ = {
			isa = PBXProject;
			attributes = {
				LastUpgradeCheck = 0920;
				ORGANIZATIONNAME = Facebook;
				TargetAttributes = {
					58B511DA1A9E6C8500147676 = {
						CreatedOnToolsVersion = 6.1.1;
					};
				};
			};
			buildConfigurationList = 58B511D61A9E6C8500147676 /* Build configuration list for PBXProject "Alioss" */;
			compatibilityVersion = "Xcode 3.2";
			developmentRegion = English;
			hasScannedForEncodings = 0;
			knownRegions = (
				English,
				en,
			);
			mainGroup = 58B511D21A9E6C8500147676;
			productRefGroup = 58B511D21A9E6C8500147676;
			projectDirPath = "";
			projectRoot = "";
			targets = (
				58B511DA1A9E6C8500147676 /* Alioss */,
			);
		};
/* End PBXProject section */

/* Begin PBXShellScriptBuildPhase section */
		E6D118C123FE55BD3EFA5B80 /* [CP] Check Pods Manifest.lock */ = {
			isa = PBXShellScriptBuildPhase;
			buildActionMask = 2147483647;
			files = (
			);
			inputFileListPaths = (
			);
			inputPaths = (
				"${PODS_PODFILE_DIR_PATH}/Podfile.lock",
				"${PODS_ROOT}/Manifest.lock",
			);
			name = "[CP] Check Pods Manifest.lock";
			outputFileListPaths = (
			);
			outputPaths = (
				"$(DERIVED_FILE_DIR)/Pods-Alioss-checkManifestLockResult.txt",
			);
			runOnlyForDeploymentPostprocessing = 0;
			shellPath = /bin/sh;
			shellScript = "diff \"${PODS_PODFILE_DIR_PATH}/Podfile.lock\" \"${PODS_ROOT}/Manifest.lock\" > /dev/null\nif [ $? != 0 ] ; then\n    # print error to STDERR\n    echo \"error: The sandbox is not in sync with the Podfile.lock. Run 'pod install' or update your CocoaPods installation.\" >&2\n    exit 1\nfi\n# This output is used by Xcode 'outputs' to avoid re-running this script phase.\necho \"SUCCESS\" > \"${SCRIPT_OUTPUT_FILE_0}\"\n";
			showEnvVarsInLog = 0;
		};
/* End PBXShellScriptBuildPhase section */

/* Begin PBXSourcesBuildPhase section */
		58B511D71A9E6C8500147676 /* Sources */ = {
			isa = PBXSourcesBuildPhase;
			buildActionMask = 2147483647;
			files = (
				4100CC5B2694323F00FE0242 /* RNAliyunOSS+OBJECT.m in Sources */,
				4100CC5C2694323F00FE0242 /* RNAliyunOSS+DOWNLOAD.m in Sources */,
				4100CC5A2694323F00FE0242 /* RNAliyunOSS+AUTH.m in Sources */,
				4100CC5E2694323F00FE0242 /* RNAliyunOSS+BUCKET.m in Sources */,
				4100CC5D2694323F00FE0242 /* RNAliyunOSS+MULTIPARTUPLOAD.m in Sources */,
				4100CC592694323F00FE0242 /* RNAliyunOSS+LOG.m in Sources */,
				4100CC582694323F00FE0242 /* RNAliyunOSS+UPLOAD.m in Sources */,
			);
			runOnlyForDeploymentPostprocessing = 0;
		};
/* End PBXSourcesBuildPhase section */

/* Begin XCBuildConfiguration section */
		58B511ED1A9E6C8500147676 /* Debug */ = {
			isa = XCBuildConfiguration;
			buildSettings = {
				ALWAYS_SEARCH_USER_PATHS = NO;
				CLANG_CXX_LANGUAGE_STANDARD = "gnu++0x";
				CLANG_CXX_LIBRARY = "libc++";
				CLANG_ENABLE_MODULES = YES;
				CLANG_ENABLE_OBJC_ARC = YES;
				CLANG_WARN_BLOCK_CAPTURE_AUTORELEASING = YES;
				CLANG_WARN_BOOL_CONVERSION = YES;
				CLANG_WARN_COMMA = YES;
				CLANG_WARN_CONSTANT_CONVERSION = YES;
				CLANG_WARN_DIRECT_OBJC_ISA_USAGE = YES_ERROR;
				CLANG_WARN_EMPTY_BODY = YES;
				CLANG_WARN_ENUM_CONVERSION = YES;
				CLANG_WARN_INFINITE_RECURSION = YES;
				CLANG_WARN_INT_CONVERSION = YES;
				CLANG_WARN_NON_LITERAL_NULL_CONVERSION = YES;
				CLANG_WARN_OBJC_LITERAL_CONVERSION = YES;
				CLANG_WARN_OBJC_ROOT_CLASS = YES_ERROR;
				CLANG_WARN_RANGE_LOOP_ANALYSIS = YES;
				CLANG_WARN_STRICT_PROTOTYPES = YES;
				CLANG_WARN_SUSPICIOUS_MOVE = YES;
				CLANG_WARN_UNREACHABLE_CODE = YES;
				CLANG_WARN__DUPLICATE_METHOD_MATCH = YES;
				COPY_PHASE_STRIP = NO;
				ENABLE_STRICT_OBJC_MSGSEND = YES;
				ENABLE_TESTABILITY = YES;
				GCC_C_LANGUAGE_STANDARD = gnu99;
				GCC_DYNAMIC_NO_PIC = NO;
				GCC_NO_COMMON_BLOCKS = YES;
				GCC_OPTIMIZATION_LEVEL = 0;
				GCC_PREPROCESSOR_DEFINITIONS = (
					"DEBUG=1",
					"$(inherited)",
				);
				GCC_SYMBOLS_PRIVATE_EXTERN = NO;
				GCC_WARN_64_TO_32_BIT_CONVERSION = YES;
				GCC_WARN_ABOUT_RETURN_TYPE = YES_ERROR;
				GCC_WARN_UNDECLARED_SELECTOR = YES;
				GCC_WARN_UNINITIALIZED_AUTOS = YES_AGGRESSIVE;
				GCC_WARN_UNUSED_FUNCTION = YES;
				GCC_WARN_UNUSED_VARIABLE = YES;
				IPHONEOS_DEPLOYMENT_TARGET = 8.0;
				MTL_ENABLE_DEBUG_INFO = YES;
				ONLY_ACTIVE_ARCH = YES;
				SDKROOT = iphoneos;
			};
			name = Debug;
		};
		58B511EE1A9E6C8500147676 /* Release */ = {
			isa = XCBuildConfiguration;
			buildSettings = {
				ALWAYS_SEARCH_USER_PATHS = NO;
				CLANG_CXX_LANGUAGE_STANDARD = "gnu++0x";
				CLANG_CXX_LIBRARY = "libc++";
				CLANG_ENABLE_MODULES = YES;
				CLANG_ENABLE_OBJC_ARC = YES;
				CLANG_WARN_BLOCK_CAPTURE_AUTORELEASING = YES;
				CLANG_WARN_BOOL_CONVERSION = YES;
				CLANG_WARN_COMMA = YES;
				CLANG_WARN_CONSTANT_CONVERSION = YES;
				CLANG_WARN_DIRECT_OBJC_ISA_USAGE = YES_ERROR;
				CLANG_WARN_EMPTY_BODY = YES;
				CLANG_WARN_ENUM_CONVERSION = YES;
				CLANG_WARN_INFINITE_RECURSION = YES;
				CLANG_WARN_INT_CONVERSION = YES;
				CLANG_WARN_NON_LITERAL_NULL_CONVERSION = YES;
				CLANG_WARN_OBJC_LITERAL_CONVERSION = YES;
				CLANG_WARN_OBJC_ROOT_CLASS = YES_ERROR;
				CLANG_WARN_RANGE_LOOP_ANALYSIS = YES;
				CLANG_WARN_STRICT_PROTOTYPES = YES;
				CLANG_WARN_SUSPICIOUS_MOVE = YES;
				CLANG_WARN_UNREACHABLE_CODE = YES;
				CLANG_WARN__DUPLICATE_METHOD_MATCH = YES;
				COPY_PHASE_STRIP = YES;
				ENABLE_NS_ASSERTIONS = NO;
				ENABLE_STRICT_OBJC_MSGSEND = YES;
				GCC_C_LANGUAGE_STANDARD = gnu99;
				GCC_NO_COMMON_BLOCKS = YES;
				GCC_WARN_64_TO_32_BIT_CONVERSION = YES;
				GCC_WARN_ABOUT_RETURN_TYPE = YES_ERROR;
				GCC_WARN_UNDECLARED_SELECTOR = YES;
				GCC_WARN_UNINITIALIZED_AUTOS = YES_AGGRESSIVE;
				GCC_WARN_UNUSED_FUNCTION = YES;
				GCC_WARN_UNUSED_VARIABLE = YES;
				IPHONEOS_DEPLOYMENT_TARGET = 8.0;
				MTL_ENABLE_DEBUG_INFO = NO;
				SDKROOT = iphoneos;
				VALIDATE_PRODUCT = YES;
			};
			name = Release;
		};
		58B511F01A9E6C8500147676 /* Debug */ = {
			isa = XCBuildConfiguration;
			baseConfigurationReference = CBAF876F80BB97DC249F2DB3 /* Pods-Alioss.debug.xcconfig */;
			buildSettings = {
				FRAMEWORK_SEARCH_PATHS = (
					"$(inherited)",
					"$(PROJECT_DIR)",
				);
				HEADER_SEARCH_PATHS = (
					"$(inherited)",
					/Applications/Xcode.app/Contents/Developer/Toolchains/XcodeDefault.xctoolchain/usr/include,
					"$(SRCROOT)/../../../React/**",
					"$(SRCROOT)/../../react-native/React/**/**",
					"$(SRCROOT)/../../../../ios/**/**",
					"$(SRCROOT)/../node_modules/react-native/React/**/**",
				);
				LIBRARY_SEARCH_PATHS = "$(inherited)";
				OTHER_LDFLAGS = "-ObjC";
				PRODUCT_NAME = Alioss;
				SKIP_INSTALL = YES;
			};
			name = Debug;
		};
		58B511F11A9E6C8500147676 /* Release */ = {
			isa = XCBuildConfiguration;
			baseConfigurationReference = ADB03DD6FA60CE0B85044C1C /* Pods-Alioss.release.xcconfig */;
			buildSettings = {
				FRAMEWORK_SEARCH_PATHS = (
					"$(inherited)",
					"$(PROJECT_DIR)",
				);
				HEADER_SEARCH_PATHS = (
					"$(inherited)",
					/Applications/Xcode.app/Contents/Developer/Toolchains/XcodeDefault.xctoolchain/usr/include,
					"$(SRCROOT)/../../../React/**",
					"$(SRCROOT)/../../react-native/React/**/**",
					"$(SRCROOT)/../../../../ios/**/**",
					"$(SRCROOT)/../node_modules/react-native/React/**/**",
				);
				LIBRARY_SEARCH_PATHS = "$(inherited)";
				OTHER_LDFLAGS = "-ObjC";
				PRODUCT_NAME = Alioss;
				SKIP_INSTALL = YES;
			};
			name = Release;
		};
/* End XCBuildConfiguration section */

/* Begin XCConfigurationList section */
		58B511D61A9E6C8500147676 /* Build configuration list for PBXProject "Alioss" */ = {
			isa = XCConfigurationList;
			buildConfigurations = (
				58B511ED1A9E6C8500147676 /* Debug */,
				58B511EE1A9E6C8500147676 /* Release */,
			);
			defaultConfigurationIsVisible = 0;
			defaultConfigurationName = Release;
		};
		58B511EF1A9E6C8500147676 /* Build configuration list for PBXNativeTarget "Alioss" */ = {
			isa = XCConfigurationList;
			buildConfigurations = (
				58B511F01A9E6C8500147676 /* Debug */,
				58B511F11A9E6C8500147676 /* Release */,
			);
			defaultConfigurationIsVisible = 0;
			defaultConfigurationName = Release;
		};
/* End XCConfigurationList section */
	};
	rootObject = 58B511D31A9E6C8500147676 /* Project object */;
}
